
Microsoft Visual Studio Solution File, Format Version 12.00
# Visual Studio 2013
VisualStudioVersion = 12.0.30723.0
MinimumVisualStudioVersion = 10.0.40219.1
Project("{FAE04EC0-301F-11D3-BF4B-00C04F79EFBC}") = "Mozu.Api.ToolKit", "Mozu.Api.ToolKit\Mozu.Api.ToolKit.csproj", "{707B281E-2F13-40B1-BF66-0C4669FCE1EF}"
EndProject
Project("{2150E333-8FDC-42A3-9474-1A3956D46DE8}") = "Build", "Build", "{5D572CB2-344E-4BF4-A299-03A3E33A3D6C}"
	ProjectSection(SolutionItems) = preProject
		Build.cmd = Build.cmd
		Build.fsx = Build.fsx
	EndProjectSection
EndProject
Project("{FAE04EC0-301F-11D3-BF4B-00C04F79EFBC}") = "Mozu.Api.ToolKit.Test", "Mozu.Api.ToolKit.Test\Mozu.Api.ToolKit.Test.csproj", "{41A3A3D0-C07B-4195-9321-029539BA8D22}"
EndProject
Global
	GlobalSection(SolutionConfigurationPlatforms) = preSolution
		Debug|Any CPU = Debug|Any CPU
		Release|Any CPU = Release|Any CPU
	EndGlobalSection
	GlobalSection(ProjectConfigurationPlatforms) = postSolution
		{707B281E-2F13-40B1-BF66-0C4669FCE1EF}.Debug|Any CPU.ActiveCfg = Debug|Any CPU
		{707B281E-2F13-40B1-BF66-0C4669FCE1EF}.Debug|Any CPU.Build.0 = Debug|Any CPU
		{707B281E-2F13-40B1-BF66-0C4669FCE1EF}.Release|Any CPU.ActiveCfg = Release|Any CPU
		{707B281E-2F13-40B1-BF66-0C4669FCE1EF}.Release|Any CPU.Build.0 = Release|Any CPU
		{41A3A3D0-C07B-4195-9321-029539BA8D22}.Debug|Any CPU.ActiveCfg = Debug|Any CPU
		{41A3A3D0-C07B-4195-9321-029539BA8D22}.Debug|Any CPU.Build.0 = Debug|Any CPU
		{41A3A3D0-C07B-4195-9321-029539BA8D22}.Release|Any CPU.ActiveCfg = Release|Any CPU
		{41A3A3D0-C07B-4195-9321-029539BA8D22}.Release|Any CPU.Build.0 = Release|Any CPU
	EndGlobalSection
	GlobalSection(SolutionProperties) = preSolution
		HideSolutionNode = FALSE
	EndGlobalSection
EndGlobal
